// !$*UTF8*$!
{
	archiveVersion = 1;
	classes = {
	};
	objectVersion = 56;
	objects = {

/* Begin PBXBuildFile section */
		E56B506A29CB52D30052AFF8 /* AppDelegate.swift in Sources */ = {isa = PBXBuildFile; fileRef = E56B506929CB52D30052AFF8 /* AppDelegate.swift */; };
		E56B506C29CB52D30052AFF8 /* SceneDelegate.swift in Sources */ = {isa = PBXBuildFile; fileRef = E56B506B29CB52D30052AFF8 /* SceneDelegate.swift */; };
		E56B506E29CB52D30052AFF8 /* ViewController.swift in Sources */ = {isa = PBXBuildFile; fileRef = E56B506D29CB52D30052AFF8 /* ViewController.swift */; };
		E56B507129CB52D30052AFF8 /* Main.storyboard in Resources */ = {isa = PBXBuildFile; fileRef = E56B506F29CB52D30052AFF8 /* Main.storyboard */; };
		E56B507329CB52D50052AFF8 /* Assets.xcassets in Resources */ = {isa = PBXBuildFile; fileRef = E56B507229CB52D50052AFF8 /* Assets.xcassets */; };
		E56B507629CB52D50052AFF8 /* LaunchScreen.storyboard in Resources */ = {isa = PBXBuildFile; fileRef = E56B507429CB52D50052AFF8 /* LaunchScreen.storyboard */; };
		E56B508129CB52D50052AFF8 /* BloggerTests.swift in Sources */ = {isa = PBXBuildFile; fileRef = E56B508029CB52D50052AFF8 /* BloggerTests.swift */; };
		E56B508B29CB52D60052AFF8 /* BloggerUITests.swift in Sources */ = {isa = PBXBuildFile; fileRef = E56B508A29CB52D60052AFF8 /* BloggerUITests.swift */; };
		E56B508D29CB52D60052AFF8 /* BloggerUITestsLaunchTests.swift in Sources */ = {isa = PBXBuildFile; fileRef = E56B508C29CB52D60052AFF8 /* BloggerUITestsLaunchTests.swift */; };
/* End PBXBuildFile section */

/* Begin PBXContainerItemProxy section */
		E56B507D29CB52D50052AFF8 /* PBXContainerItemProxy */ = {
			isa = PBXContainerItemProxy;
			containerPortal = E56B505E29CB52D30052AFF8 /* Project object */;
			proxyType = 1;
			remoteGlobalIDString = E56B506529CB52D30052AFF8;
			remoteInfo = Blogger;
		};
		E56B508729CB52D60052AFF8 /* PBXContainerItemProxy */ = {
			isa = PBXContainerItemProxy;
			containerPortal = E56B505E29CB52D30052AFF8 /* Project object */;
			proxyType = 1;
			remoteGlobalIDString = E56B506529CB52D30052AFF8;
			remoteInfo = Blogger;
		};
/* End PBXContainerItemProxy section */

/* Begin PBXFileReference section */
		E56B506629CB52D30052AFF8 /* Blogger.app */ = {isa = PBXFileReference; explicitFileType = wrapper.application; includeInIndex = 0; path = Blogger.app; sourceTree = BUILT_PRODUCTS_DIR; };
		E56B506929CB52D30052AFF8 /* AppDelegate.swift */ = {isa = PBXFileReference; lastKnownFileType = sourcecode.swift; path = AppDelegate.swift; sourceTree = "<group>"; };
		E56B506B29CB52D30052AFF8 /* SceneDelegate.swift */ = {isa = PBXFileReference; lastKnownFileType = sourcecode.swift; path = SceneDelegate.swift; sourceTree = "<group>"; };
		E56B506D29CB52D30052AFF8 /* ViewController.swift */ = {isa = PBXFileReference; lastKnownFileType = sourcecode.swift; path = ViewController.swift; sourceTree = "<group>"; };
		E56B507029CB52D30052AFF8 /* Base */ = {isa = PBXFileReference; lastKnownFileType = file.storyboard; name = Base; path = Base.lproj/Main.storyboard; sourceTree = "<group>"; };
		E56B507229CB52D50052AFF8 /* Assets.xcassets */ = {isa = PBXFileReference; lastKnownFileType = folder.assetcatalog; path = Assets.xcassets; sourceTree = "<group>"; };
		E56B507529CB52D50052AFF8 /* Base */ = {isa = PBXFileReference; lastKnownFileType = file.storyboard; name = Base; path = Base.lproj/LaunchScreen.storyboard; sourceTree = "<group>"; };
		E56B507729CB52D50052AFF8 /* Info.plist */ = {isa = PBXFileReference; lastKnownFileType = text.plist.xml; path = Info.plist; sourceTree = "<group>"; };
		E56B507C29CB52D50052AFF8 /* BloggerTests.xctest */ = {isa = PBXFileReference; explicitFileType = wrapper.cfbundle; includeInIndex = 0; path = BloggerTests.xctest; sourceTree = BUILT_PRODUCTS_DIR; };
		E56B508029CB52D50052AFF8 /* BloggerTests.swift */ = {isa = PBXFileReference; lastKnownFileType = sourcecode.swift; path = BloggerTests.swift; sourceTree = "<group>"; };
		E56B508629CB52D60052AFF8 /* BloggerUITests.xctest */ = {isa = PBXFileReference; explicitFileType = wrapper.cfbundle; includeInIndex = 0; path = BloggerUITests.xctest; sourceTree = BUILT_PRODUCTS_DIR; };
		E56B508A29CB52D60052AFF8 /* BloggerUITests.swift */ = {isa = PBXFileReference; lastKnownFileType = sourcecode.swift; path = BloggerUITests.swift; sourceTree = "<group>"; };
		E56B508C29CB52D60052AFF8 /* BloggerUITestsLaunchTests.swift */ = {isa = PBXFileReference; lastKnownFileType = sourcecode.swift; path = BloggerUITestsLaunchTests.swift; sourceTree = "<group>"; };
/* End PBXFileReference section */

/* Begin PBXFrameworksBuildPhase section */
		E56B506329CB52D30052AFF8 /* Frameworks */ = {
			isa = PBXFrameworksBuildPhase;
			buildActionMask = 2147483647;
			files = (
			);
			runOnlyForDeploymentPostprocessing = 0;
		};
		E56B507929CB52D50052AFF8 /* Frameworks */ = {
			isa = PBXFrameworksBuildPhase;
			buildActionMask = 2147483647;
			files = (
			);
			runOnlyForDeploymentPostprocessing = 0;
		};
		E56B508329CB52D60052AFF8 /* Frameworks */ = {
			isa = PBXFrameworksBuildPhase;
			buildActionMask = 2147483647;
			files = (
			);
			runOnlyForDeploymentPostprocessing = 0;
		};
/* End PBXFrameworksBuildPhase section */

/* Begin PBXGroup section */
		E56B505D29CB52D30052AFF8 = {
			isa = PBXGroup;
			children = (
				E56B506829CB52D30052AFF8 /* Blogger */,
				E56B507F29CB52D50052AFF8 /* BloggerTests */,
				E56B508929CB52D60052AFF8 /* BloggerUITests */,
				E56B506729CB52D30052AFF8 /* Products */,
			);
			sourceTree = "<group>";
		};
		E56B506729CB52D30052AFF8 /* Products */ = {
			isa = PBXGroup;
			children = (
				E56B506629CB52D30052AFF8 /* Blogger.app */,
				E56B507C29CB52D50052AFF8 /* BloggerTests.xctest */,
				E56B508629CB52D60052AFF8 /* BloggerUITests.xctest */,
			);
			name = Products;
			sourceTree = "<group>";
		};
		E56B506829CB52D30052AFF8 /* Blogger */ = {
			isa = PBXGroup;
			children = (
				E56B506929CB52D30052AFF8 /* AppDelegate.swift */,
				E56B506B29CB52D30052AFF8 /* SceneDelegate.swift */,
				E56B506D29CB52D30052AFF8 /* ViewController.swift */,
				E56B506F29CB52D30052AFF8 /* Main.storyboard */,
				E56B507229CB52D50052AFF8 /* Assets.xcassets */,
				E56B507429CB52D50052AFF8 /* LaunchScreen.storyboard */,
				E56B507729CB52D50052AFF8 /* Info.plist */,
			);
			path = Blogger;
			sourceTree = "<group>";
		};
		E56B507F29CB52D50052AFF8 /* BloggerTests */ = {
			isa = PBXGroup;
			children = (
				E56B508029CB52D50052AFF8 /* BloggerTests.swift */,
			);
			path = BloggerTests;
			sourceTree = "<group>";
		};
		E56B508929CB52D60052AFF8 /* BloggerUITests */ = {
			isa = PBXGroup;
			children = (
				E56B508A29CB52D60052AFF8 /* BloggerUITests.swift */,
				E56B508C29CB52D60052AFF8 /* BloggerUITestsLaunchTests.swift */,
			);
			path = BloggerUITests;
			sourceTree = "<group>";
		};
/* End PBXGroup section */

/* Begin PBXNativeTarget section */
		E56B506529CB52D30052AFF8 /* Blogger */ = {
			isa = PBXNativeTarget;
			buildConfigurationList = E56B509029CB52D60052AFF8 /* Build configuration list for PBXNativeTarget "Blogger" */;
			buildPhases = (
				E56B506229CB52D30052AFF8 /* Sources */,
				E56B506329CB52D30052AFF8 /* Frameworks */,
				E56B506429CB52D30052AFF8 /* Resources */,
			);
			buildRules = (
			);
			dependencies = (
			);
			name = Blogger;
			productName = Blogger;
			productReference = E56B506629CB52D30052AFF8 /* Blogger.app */;
			productType = "com.apple.product-type.application";
		};
		E56B507B29CB52D50052AFF8 /* BloggerTests */ = {
			isa = PBXNativeTarget;
			buildConfigurationList = E56B509329CB52D60052AFF8 /* Build configuration list for PBXNativeTarget "BloggerTests" */;
			buildPhases = (
				E56B507829CB52D50052AFF8 /* Sources */,
				E56B507929CB52D50052AFF8 /* Frameworks */,
				E56B507A29CB52D50052AFF8 /* Resources */,
			);
			buildRules = (
			);
			dependencies = (
				E56B507E29CB52D50052AFF8 /* PBXTargetDependency */,
			);
			name = BloggerTests;
			productName = BloggerTests;
			productReference = E56B507C29CB52D50052AFF8 /* BloggerTests.xctest */;
			productType = "com.apple.product-type.bundle.unit-test";
		};
		E56B508529CB52D60052AFF8 /* BloggerUITests */ = {
			isa = PBXNativeTarget;
			buildConfigurationList = E56B509629CB52D60052AFF8 /* Build configuration list for PBXNativeTarget "BloggerUITests" */;
			buildPhases = (
				E56B508229CB52D60052AFF8 /* Sources */,
				E56B508329CB52D60052AFF8 /* Frameworks */,
				E56B508429CB52D60052AFF8 /* Resources */,
			);
			buildRules = (
			);
			dependencies = (
				E56B508829CB52D60052AFF8 /* PBXTargetDependency */,
			);
			name = BloggerUITests;
			productName = BloggerUITests;
			productReference = E56B508629CB52D60052AFF8 /* BloggerUITests.xctest */;
			productType = "com.apple.product-type.bundle.ui-testing";
		};
/* End PBXNativeTarget section */

/* Begin PBXProject section */
		E56B505E29CB52D30052AFF8 /* Project object */ = {
			isa = PBXProject;
			attributes = {
				BuildIndependentTargetsInParallel = 1;
				LastSwiftUpdateCheck = 1410;
				LastUpgradeCheck = 1410;
				TargetAttributes = {
					E56B506529CB52D30052AFF8 = {
						CreatedOnToolsVersion = 14.1;
					};
					E56B507B29CB52D50052AFF8 = {
						CreatedOnToolsVersion = 14.1;
						TestTargetID = E56B506529CB52D30052AFF8;
					};
					E56B508529CB52D60052AFF8 = {
						CreatedOnToolsVersion = 14.1;
						TestTargetID = E56B506529CB52D30052AFF8;
					};
				};
			};
			buildConfigurationList = E56B506129CB52D30052AFF8 /* Build configuration list for PBXProject "Blogger" */;
			compatibilityVersion = "Xcode 14.0";
			developmentRegion = en;
			hasScannedForEncodings = 0;
			knownRegions = (
				en,
				Base,
			);
			mainGroup = E56B505D29CB52D30052AFF8;
			productRefGroup = E56B506729CB52D30052AFF8 /* Products */;
			projectDirPath = "";
			projectRoot = "";
			targets = (
				E56B506529CB52D30052AFF8 /* Blogger */,
				E56B507B29CB52D50052AFF8 /* BloggerTests */,
				E56B508529CB52D60052AFF8 /* BloggerUITests */,
			);
		};
/* End PBXProject section */

/* Begin PBXResourcesBuildPhase section */
		E56B506429CB52D30052AFF8 /* Resources */ = {
			isa = PBXResourcesBuildPhase;
			buildActionMask = 2147483647;
			files = (
				E56B507629CB52D50052AFF8 /* LaunchScreen.storyboard in Resources */,
				E56B507329CB52D50052AFF8 /* Assets.xcassets in Resources */,
				E56B507129CB52D30052AFF8 /* Main.storyboard in Resources */,
			);
			runOnlyForDeploymentPostprocessing = 0;
		};
		E56B507A29CB52D50052AFF8 /* Resources */ = {
			isa = PBXResourcesBuildPhase;
			buildActionMask = 2147483647;
			files = (
			);
			runOnlyForDeploymentPostprocessing = 0;
		};
		E56B508429CB52D60052AFF8 /* Resources */ = {
			isa = PBXResourcesBuildPhase;
			buildActionMask = 2147483647;
			files = (
			);
			runOnlyForDeploymentPostprocessing = 0;
		};
/* End PBXResourcesBuildPhase section */

/* Begin PBXSourcesBuildPhase section */
		E56B506229CB52D30052AFF8 /* Sources */ = {
			isa = PBXSourcesBuildPhase;
			buildActionMask = 2147483647;
			files = (
				E56B506E29CB52D30052AFF8 /* ViewController.swift in Sources */,
				E56B506A29CB52D30052AFF8 /* AppDelegate.swift in Sources */,
				E56B506C29CB52D30052AFF8 /* SceneDelegate.swift in Sources */,
			);
			runOnlyForDeploymentPostprocessing = 0;
		};
		E56B507829CB52D50052AFF8 /* Sources */ = {
			isa = PBXSourcesBuildPhase;
			buildActionMask = 2147483647;
			files = (
				E56B508129CB52D50052AFF8 /* BloggerTests.swift in Sources */,
			);
			runOnlyForDeploymentPostprocessing = 0;
		};
		E56B508229CB52D60052AFF8 /* Sources */ = {
			isa = PBXSourcesBuildPhase;
			buildActionMask = 2147483647;
			files = (
				E56B508B29CB52D60052AFF8 /* BloggerUITests.swift in Sources */,
				E56B508D29CB52D60052AFF8 /* BloggerUITestsLaunchTests.swift in Sources */,
			);
			runOnlyForDeploymentPostprocessing = 0;
		};
/* End PBXSourcesBuildPhase section */

/* Begin PBXTargetDependency section */
		E56B507E29CB52D50052AFF8 /* PBXTargetDependency */ = {
			isa = PBXTargetDependency;
			target = E56B506529CB52D30052AFF8 /* Blogger */;
			targetProxy = E56B507D29CB52D50052AFF8 /* PBXContainerItemProxy */;
		};
		E56B508829CB52D60052AFF8 /* PBXTargetDependency */ = {
			isa = PBXTargetDependency;
			target = E56B506529CB52D30052AFF8 /* Blogger */;
			targetProxy = E56B508729CB52D60052AFF8 /* PBXContainerItemProxy */;
		};
/* End PBXTargetDependency section */

/* Begin PBXVariantGroup section */
		E56B506F29CB52D30052AFF8 /* Main.storyboard */ = {
			isa = PBXVariantGroup;
			children = (
				E56B507029CB52D30052AFF8 /* Base */,
			);
			name = Main.storyboard;
			sourceTree = "<group>";
		};
		E56B507429CB52D50052AFF8 /* LaunchScreen.storyboard */ = {
			isa = PBXVariantGroup;
			children = (
				E56B507529CB52D50052AFF8 /* Base */,
			);
			name = LaunchScreen.storyboard;
			sourceTree = "<group>";
		};
/* End PBXVariantGroup section */

/* Begin XCBuildConfiguration section */
		E56B508E29CB52D60052AFF8 /* Debug */ = {
			isa = XCBuildConfiguration;
			buildSettings = {
				ALWAYS_SEARCH_USER_PATHS = NO;
				CLANG_ANALYZER_NONNULL = YES;
				CLANG_ANALYZER_NUMBER_OBJECT_CONVERSION = YES_AGGRESSIVE;
				CLANG_CXX_LANGUAGE_STANDARD = "gnu++20";
				CLANG_ENABLE_MODULES = YES;
				CLANG_ENABLE_OBJC_ARC = YES;
				CLANG_ENABLE_OBJC_WEAK = YES;
				CLANG_WARN_BLOCK_CAPTURE_AUTORELEASING = YES;
				CLANG_WARN_BOOL_CONVERSION = YES;
				CLANG_WARN_COMMA = YES;
				CLANG_WARN_CONSTANT_CONVERSION = YES;
				CLANG_WARN_DEPRECATED_OBJC_IMPLEMENTATIONS = YES;
				CLANG_WARN_DIRECT_OBJC_ISA_USAGE = YES_ERROR;
				CLANG_WARN_DOCUMENTATION_COMMENTS = YES;
				CLANG_WARN_EMPTY_BODY = YES;
				CLANG_WARN_ENUM_CONVERSION = YES;
				CLANG_WARN_INFINITE_RECURSION = YES;
				CLANG_WARN_INT_CONVERSION = YES;
				CLANG_WARN_NON_LITERAL_NULL_CONVERSION = YES;
				CLANG_WARN_OBJC_IMPLICIT_RETAIN_SELF = YES;
				CLANG_WARN_OBJC_LITERAL_CONVERSION = YES;
				CLANG_WARN_OBJC_ROOT_CLASS = YES_ERROR;
				CLANG_WARN_QUOTED_INCLUDE_IN_FRAMEWORK_HEADER = YES;
				CLANG_WARN_RANGE_LOOP_ANALYSIS = YES;
				CLANG_WARN_STRICT_PROTOTYPES = YES;
				CLANG_WARN_SUSPICIOUS_MOVE = YES;
				CLANG_WARN_UNGUARDED_AVAILABILITY = YES_AGGRESSIVE;
				CLANG_WARN_UNREACHABLE_CODE = YES;
				CLANG_WARN__DUPLICATE_METHOD_MATCH = YES;
				COPY_PHASE_STRIP = NO;
				DEBUG_INFORMATION_FORMAT = dwarf;
				ENABLE_STRICT_OBJC_MSGSEND = YES;
				ENABLE_TESTABILITY = YES;
				GCC_C_LANGUAGE_STANDARD = gnu11;
				GCC_DYNAMIC_NO_PIC = NO;
				GCC_NO_COMMON_BLOCKS = YES;
				GCC_OPTIMIZATION_LEVEL = 0;
				GCC_PREPROCESSOR_DEFINITIONS = (
					"DEBUG=1",
					"$(inherited)",
				);
				GCC_WARN_64_TO_32_BIT_CONVERSION = YES;
				GCC_WARN_ABOUT_RETURN_TYPE = YES_ERROR;
				GCC_WARN_UNDECLARED_SELECTOR = YES;
				GCC_WARN_UNINITIALIZED_AUTOS = YES_AGGRESSIVE;
				GCC_WARN_UNUSED_FUNCTION = YES;
				GCC_WARN_UNUSED_VARIABLE = YES;
				IPHONEOS_DEPLOYMENT_TARGET = 16.1;
				MTL_ENABLE_DEBUG_INFO = INCLUDE_SOURCE;
				MTL_FAST_MATH = YES;
				ONLY_ACTIVE_ARCH = YES;
				SDKROOT = iphoneos;
				SWIFT_ACTIVE_COMPILATION_CONDITIONS = DEBUG;
				SWIFT_OPTIMIZATION_LEVEL = "-Onone";
			};
			name = Debug;
		};
		E56B508F29CB52D60052AFF8 /* Release */ = {
			isa = XCBuildConfiguration;
			buildSettings = {
				ALWAYS_SEARCH_USER_PATHS = NO;
				CLANG_ANALYZER_NONNULL = YES;
				CLANG_ANALYZER_NUMBER_OBJECT_CONVERSION = YES_AGGRESSIVE;
				CLANG_CXX_LANGUAGE_STANDARD = "gnu++20";
				CLANG_ENABLE_MODULES = YES;
				CLANG_ENABLE_OBJC_ARC = YES;
				CLANG_ENABLE_OBJC_WEAK = YES;
				CLANG_WARN_BLOCK_CAPTURE_AUTORELEASING = YES;
				CLANG_WARN_BOOL_CONVERSION = YES;
				CLANG_WARN_COMMA = YES;
				CLANG_WARN_CONSTANT_CONVERSION = YES;
				CLANG_WARN_DEPRECATED_OBJC_IMPLEMENTATIONS = YES;
				CLANG_WARN_DIRECT_OBJC_ISA_USAGE = YES_ERROR;
				CLANG_WARN_DOCUMENTATION_COMMENTS = YES;
				CLANG_WARN_EMPTY_BODY = YES;
				CLANG_WARN_ENUM_CONVERSION = YES;
				CLANG_WARN_INFINITE_RECURSION = YES;
				CLANG_WARN_INT_CONVERSION = YES;
				CLANG_WARN_NON_LITERAL_NULL_CONVERSION = YES;
				CLANG_WARN_OBJC_IMPLICIT_RETAIN_SELF = YES;
				CLANG_WARN_OBJC_LITERAL_CONVERSION = YES;
				CLANG_WARN_OBJC_ROOT_CLASS = YES_ERROR;
				CLANG_WARN_QUOTED_INCLUDE_IN_FRAMEWORK_HEADER = YES;
				CLANG_WARN_RANGE_LOOP_ANALYSIS = YES;
				CLANG_WARN_STRICT_PROTOTYPES = YES;
				CLANG_WARN_SUSPICIOUS_MOVE = YES;
				CLANG_WARN_UNGUARDED_AVAILABILITY = YES_AGGRESSIVE;
				CLANG_WARN_UNREACHABLE_CODE = YES;
				CLANG_WARN__DUPLICATE_METHOD_MATCH = YES;
				COPY_PHASE_STRIP = NO;
				DEBUG_INFORMATION_FORMAT = "dwarf-with-dsym";
				ENABLE_NS_ASSERTIONS = NO;
				ENABLE_STRICT_OBJC_MSGSEND = YES;
				GCC_C_LANGUAGE_STANDARD = gnu11;
				GCC_NO_COMMON_BLOCKS = YES;
				GCC_WARN_64_TO_32_BIT_CONVERSION = YES;
				GCC_WARN_ABOUT_RETURN_TYPE = YES_ERROR;
				GCC_WARN_UNDECLARED_SELECTOR = YES;
				GCC_WARN_UNINITIALIZED_AUTOS = YES_AGGRESSIVE;
				GCC_WARN_UNUSED_FUNCTION = YES;
				GCC_WARN_UNUSED_VARIABLE = YES;
				IPHONEOS_DEPLOYMENT_TARGET = 16.1;
				MTL_ENABLE_DEBUG_INFO = NO;
				MTL_FAST_MATH = YES;
				SDKROOT = iphoneos;
				SWIFT_COMPILATION_MODE = wholemodule;
				SWIFT_OPTIMIZATION_LEVEL = "-O";
				VALIDATE_PRODUCT = YES;
			};
			name = Release;
		};
		E56B509129CB52D60052AFF8 /* Debug */ = {
			isa = XCBuildConfiguration;
			buildSettings = {
				ASSETCATALOG_COMPILER_APPICON_NAME = AppIcon;
				ASSETCATALOG_COMPILER_GLOBAL_ACCENT_COLOR_NAME = AccentColor;
				CODE_SIGN_STYLE = Automatic;
				CURRENT_PROJECT_VERSION = 1;
				GENERATE_INFOPLIST_FILE = YES;
				INFOPLIST_FILE = Blogger/Info.plist;
				INFOPLIST_KEY_UIApplicationSupportsIndirectInputEvents = YES;
				INFOPLIST_KEY_UILaunchStoryboardName = LaunchScreen;
				INFOPLIST_KEY_UIMainStoryboardFile = Main;
				INFOPLIST_KEY_UISupportedInterfaceOrientations_iPad = "UIInterfaceOrientationPortrait UIInterfaceOrientationPortraitUpsideDown UIInterfaceOrientationLandscapeLeft UIInterfaceOrientationLandscapeRight";
				INFOPLIST_KEY_UISupportedInterfaceOrientations_iPhone = "UIInterfaceOrientationPortrait UIInterfaceOrientationLandscapeLeft UIInterfaceOrientationLandscapeRight";
				LD_RUNPATH_SEARCH_PATHS = (
					"$(inherited)",
					"@executable_path/Frameworks",
				);
				MARKETING_VERSION = 1.0;
				PRODUCT_BUNDLE_IDENTIFIER = maabu.Blogger;
				PRODUCT_NAME = "$(TARGET_NAME)";
				SWIFT_EMIT_LOC_STRINGS = YES;
				SWIFT_VERSION = 5.0;
				TARGETED_DEVICE_FAMILY = "1,2";
			};
			name = Debug;
		};
		E56B509229CB52D60052AFF8 /* Release */ = {
			isa = XCBuildConfiguration;
			buildSettings = {
				ASSETCATALOG_COMPILER_APPICON_NAME = AppIcon;
				ASSETCATALOG_COMPILER_GLOBAL_ACCENT_COLOR_NAME = AccentColor;
				CODE_SIGN_STYLE = Automatic;
				CURRENT_PROJECT_VERSION = 1;
				GENERATE_INFOPLIST_FILE = YES;
				INFOPLIST_FILE = Blogger/Info.plist;
				INFOPLIST_KEY_UIApplicationSupportsIndirectInputEvents = YES;
				INFOPLIST_KEY_UILaunchStoryboardName = LaunchScreen;
				INFOPLIST_KEY_UIMainStoryboardFile = Main;
				INFOPLIST_KEY_UISupportedInterfaceOrientations_iPad = "UIInterfaceOrientationPortrait UIInterfaceOrientationPortraitUpsideDown UIInterfaceOrientationLandscapeLeft UIInterfaceOrientationLandscapeRight";
				INFOPLIST_KEY_UISupportedInterfaceOrientations_iPhone = "UIInterfaceOrientationPortrait UIInterfaceOrientationLandscapeLeft UIInterfaceOrientationLandscapeRight";
				LD_RUNPATH_SEARCH_PATHS = (
					"$(inherited)",
					"@executable_path/Frameworks",
				);
				MARKETING_VERSION = 1.0;
				PRODUCT_BUNDLE_IDENTIFIER = maabu.Blogger;
				PRODUCT_NAME = "$(TARGET_NAME)";
				SWIFT_EMIT_LOC_STRINGS = YES;
				SWIFT_VERSION = 5.0;
				TARGETED_DEVICE_FAMILY = "1,2";
			};
			name = Release;
		};
		E56B509429CB52D60052AFF8 /* Debug */ = {
			isa = XCBuildConfiguration;
			buildSettings = {
				ALWAYS_EMBED_SWIFT_STANDARD_LIBRARIES = YES;
				BUNDLE_LOADER = "$(TEST_HOST)";
				CODE_SIGN_STYLE = Automatic;
				CURRENT_PROJECT_VERSION = 1;
				GENERATE_INFOPLIST_FILE = YES;
				IPHONEOS_DEPLOYMENT_TARGET = 16.1;
				MARKETING_VERSION = 1.0;
				PRODUCT_BUNDLE_IDENTIFIER = maabu.BloggerTests;
				PRODUCT_NAME = "$(TARGET_NAME)";
				SWIFT_EMIT_LOC_STRINGS = NO;
				SWIFT_VERSION = 5.0;
				TARGETED_DEVICE_FAMILY = "1,2";
				TEST_HOST = "$(BUILT_PRODUCTS_DIR)/Blogger.app/$(BUNDLE_EXECUTABLE_FOLDER_PATH)/Blogger";
			};
			name = Debug;
		};
		E56B509529CB52D60052AFF8 /* Release */ = {
			isa = XCBuildConfiguration;
			buildSettings = {
				ALWAYS_EMBED_SWIFT_STANDARD_LIBRARIES = YES;
				BUNDLE_LOADER = "$(TEST_HOST)";
				CODE_SIGN_STYLE = Automatic;
				CURRENT_PROJECT_VERSION = 1;
				GENERATE_INFOPLIST_FILE = YES;
				IPHONEOS_DEPLOYMENT_TARGET = 16.1;
				MARKETING_VERSION = 1.0;
				PRODUCT_BUNDLE_IDENTIFIER = maabu.BloggerTests;
				PRODUCT_NAME = "$(TARGET_NAME)";
				SWIFT_EMIT_LOC_STRINGS = NO;
				SWIFT_VERSION = 5.0;
				TARGETED_DEVICE_FAMILY = "1,2";
				TEST_HOST = "$(BUILT_PRODUCTS_DIR)/Blogger.app/$(BUNDLE_EXECUTABLE_FOLDER_PATH)/Blogger";
			};
			name = Release;
		};
		E56B509729CB52D60052AFF8 /* Debug */ = {
			isa = XCBuildConfiguration;
			buildSettings = {
				ALWAYS_EMBED_SWIFT_STANDARD_LIBRARIES = YES;
				CODE_SIGN_STYLE = Automatic;
				CURRENT_PROJECT_VERSION = 1;
				GENERATE_INFOPLIST_FILE = YES;
				MARKETING_VERSION = 1.0;
				PRODUCT_BUNDLE_IDENTIFIER = maabu.BloggerUITests;
				PRODUCT_NAME = "$(TARGET_NAME)";
				SWIFT_EMIT_LOC_STRINGS = NO;
				SWIFT_VERSION = 5.0;
				TARGETED_DEVICE_FAMILY = "1,2";
				TEST_TARGET_NAME = Blogger;
			};
			name = Debug;
		};
		E56B509829CB52D60052AFF8 /* Release */ = {
			isa = XCBuildConfiguration;
			buildSettings = {
				ALWAYS_EMBED_SWIFT_STANDARD_LIBRARIES = YES;
				CODE_SIGN_STYLE = Automatic;
				CURRENT_PROJECT_VERSION = 1;
				GENERATE_INFOPLIST_FILE = YES;
				MARKETING_VERSION = 1.0;
				PRODUCT_BUNDLE_IDENTIFIER = maabu.BloggerUITests;
				PRODUCT_NAME = "$(TARGET_NAME)";
				SWIFT_EMIT_LOC_STRINGS = NO;
				SWIFT_VERSION = 5.0;
				TARGETED_DEVICE_FAMILY = "1,2";
				TEST_TARGET_NAME = Blogger;
			};
			name = Release;
		};
/* End XCBuildConfiguration section */

/* Begin XCConfigurationList section */
		E56B506129CB52D30052AFF8 /* Build configuration list for PBXProject "Blogger" */ = {
			isa = XCConfigurationList;
			buildConfigurations = (
				E56B508E29CB52D60052AFF8 /* Debug */,
				E56B508F29CB52D60052AFF8 /* Release */,
			);
			defaultConfigurationIsVisible = 0;
			defaultConfigurationName = Release;
		};
		E56B509029CB52D60052AFF8 /* Build configuration list for PBXNativeTarget "Blogger" */ = {
			isa = XCConfigurationList;
			buildConfigurations = (
				E56B509129CB52D60052AFF8 /* Debug */,
				E56B509229CB52D60052AFF8 /* Release */,
			);
			defaultConfigurationIsVisible = 0;
			defaultConfigurationName = Release;
		};
		E56B509329CB52D60052AFF8 /* Build configuration list for PBXNativeTarget "BloggerTests" */ = {
			isa = XCConfigurationList;
			buildConfigurations = (
				E56B509429CB52D60052AFF8 /* Debug */,
				E56B509529CB52D60052AFF8 /* Release */,
			);
			defaultConfigurationIsVisible = 0;
			defaultConfigurationName = Release;
		};
		E56B509629CB52D60052AFF8 /* Build configuration list for PBXNativeTarget "BloggerUITests" */ = {
			isa = XCConfigurationList;
			buildConfigurations = (
				E56B509729CB52D60052AFF8 /* Debug */,
				E56B509829CB52D60052AFF8 /* Release */,
			);
			defaultConfigurationIsVisible = 0;
			defaultConfigurationName = Release;
		};
/* End XCConfigurationList section */
	};
	rootObject = E56B505E29CB52D30052AFF8 /* Project object */;
}
